
Microsoft Visual Studio Solution File, Format Version 12.00
# Visual Studio Version 17
VisualStudioVersion = 17.14.36414.22 d17.14
MinimumVisualStudioVersion = 10.0.40219.1
Project("{FAE04EC0-301F-11D3-BF4B-00C04F79EFBC}") = "HomeworkCRUD", "HomeworkCRUD\HomeworkCRUD.csproj", "{382C9031-CDD1-4FE6-9389-21F94666214B}"
EndProject
Global
	GlobalSection(SolutionConfigurationPlatforms) = preSolution
		Debug|Any CPU = Debug|Any CPU
		Release|Any CPU = Release|Any CPU
	EndGlobalSection
	GlobalSection(ProjectConfigurationPlatforms) = postSolution
		{382C9031-CDD1-4FE6-9389-21F94666214B}.Debug|Any CPU.ActiveCfg = Debug|Any CPU
		{382C9031-CDD1-4FE6-9389-21F94666214B}.Debug|Any CPU.Build.0 = Debug|Any CPU
		{382C9031-CDD1-4FE6-9389-21F94666214B}.Release|Any CPU.ActiveCfg = Release|Any CPU
		{382C9031-CDD1-4FE6-9389-21F94666214B}.Release|Any CPU.Build.0 = Release|Any CPU
	EndGlobalSection
	GlobalSection(SolutionProperties) = preSolution
		HideSolutionNode = FALSE
	EndGlobalSection
	GlobalSection(ExtensibilityGlobals) = postSolution
		SolutionGuid = {8FE54DF0-42A9-4D1C-A65A-AF2AAB0D6375}
	EndGlobalSection
EndGlobal
